
Microsoft Visual Studio Solution File, Format Version 12.00
# Visual Studio Version 17
VisualStudioVersion = 17.8.34330.188
MinimumVisualStudioVersion = 10.0.40219.1
Project("{FAE04EC0-301F-11D3-BF4B-00C04F79EFBC}") = "Personal Details Processor", "Personal Details Processor.csproj", "{A8DA713B-0F19-402E-8E1C-CE7192DE0CDC}"
EndProject
Global
	GlobalSection(SolutionConfigurationPlatforms) = preSolution
		Debug|Any CPU = Debug|Any CPU
		Release|Any CPU = Release|Any CPU
	EndGlobalSection
	GlobalSection(ProjectConfigurationPlatforms) = postSolution
		{A8DA713B-0F19-402E-8E1C-CE7192DE0CDC}.Debug|Any CPU.ActiveCfg = Debug|Any CPU
		{A8DA713B-0F19-402E-8E1C-CE7192DE0CDC}.Debug|Any CPU.Build.0 = Debug|Any CPU
		{A8DA713B-0F19-402E-8E1C-CE7192DE0CDC}.Release|Any CPU.ActiveCfg = Release|Any CPU
		{A8DA713B-0F19-402E-8E1C-CE7192DE0CDC}.Release|Any CPU.Build.0 = Release|Any CPU
	EndGlobalSection
	GlobalSection(SolutionProperties) = preSolution
		HideSolutionNode = FALSE
	EndGlobalSection
	GlobalSection(ExtensibilityGlobals) = postSolution
		SolutionGuid = {1FADFEB9-55C0-47F5-A681-B21C2FED6904}
	EndGlobalSection
EndGlobal
